
Microsoft Visual Studio Solution File, Format Version 12.00
# Visual Studio 2013
VisualStudioVersion = 12.0.31101.0
MinimumVisualStudioVersion = 10.0.40219.1
Project("{2150E333-8FDC-42A3-9474-1A3956D46DE8}") = "LoginTest", "LoginTest", "{B5190F8D-4398-4F7E-90AC-63CAA509356C}"
EndProject
Project("{FAE04EC0-301F-11D3-BF4B-00C04F79EFBC}") = "Login", "Login\Login.csproj", "{03A97AD9-50E4-48C1-BC7F-5191A46A7237}"
EndProject
Global
	GlobalSection(SolutionConfigurationPlatforms) = preSolution
		Debug|Any CPU = Debug|Any CPU
		Release|Any CPU = Release|Any CPU
	EndGlobalSection
	GlobalSection(ProjectConfigurationPlatforms) = postSolution
		{03A97AD9-50E4-48C1-BC7F-5191A46A7237}.Debug|Any CPU.ActiveCfg = Debug|Any CPU
		{03A97AD9-50E4-48C1-BC7F-5191A46A7237}.Debug|Any CPU.Build.0 = Debug|Any CPU
		{03A97AD9-50E4-48C1-BC7F-5191A46A7237}.Release|Any CPU.ActiveCfg = Release|Any CPU
		{03A97AD9-50E4-48C1-BC7F-5191A46A7237}.Release|Any CPU.Build.0 = Release|Any CPU
	EndGlobalSection
	GlobalSection(SolutionProperties) = preSolution
		HideSolutionNode = FALSE
	EndGlobalSection
	GlobalSection(NestedProjects) = preSolution
		{03A97AD9-50E4-48C1-BC7F-5191A46A7237} = {B5190F8D-4398-4F7E-90AC-63CAA509356C}
	EndGlobalSection
EndGlobal
